
Microsoft Visual Studio Solution File, Format Version 12.00
# Visual Studio Version 17
VisualStudioVersion = 17.10.35004.147
MinimumVisualStudioVersion = 10.0.40219.1
Project("{8BC9CEB8-8B4A-11D0-8D11-00A0C91BC942}") = "CGHW3", "CGHW3.vcxproj", "{E1DFB506-D094-4B1A-9D74-62DB78ABB386}"
EndProject
Global
	GlobalSection(SolutionConfigurationPlatforms) = preSolution
		Debug|x64 = Debug|x64
		Release|x64 = Release|x64
	EndGlobalSection
	GlobalSection(ProjectConfigurationPlatforms) = postSolution
		{E1DFB506-D094-4B1A-9D74-62DB78ABB386}.Debug|x64.ActiveCfg = Debug|x64
		{E1DFB506-D094-4B1A-9D74-62DB78ABB386}.Debug|x64.Build.0 = Debug|x64
		{E1DFB506-D094-4B1A-9D74-62DB78ABB386}.Release|x64.ActiveCfg = Release|x64
		{E1DFB506-D094-4B1A-9D74-62DB78ABB386}.Release|x64.Build.0 = Release|x64
	EndGlobalSection
	GlobalSection(SolutionProperties) = preSolution
		HideSolutionNode = FALSE
	EndGlobalSection
	GlobalSection(ExtensibilityGlobals) = postSolution
		SolutionGuid = {81D26146-D941-4799-9941-25EFC1FD3F6B}
	EndGlobalSection
EndGlobal
